{
  "version": 4,
  "terraform_version": "1.3.6",
  "serial": 9,
  "lineage": "49a3510e-c6d5-c1a5-6b7d-219072fd5108",
  "outputs": {},
  "resources": [
    {
      "module": "module.iam",
      "mode": "managed",
      "type": "google_project_iam_member",
      "name": "project_iam_additive",
      "provider": "provider[\"registry.terraform.io/hashicorp/google\"]",
      "instances": [
        {
          "index_key": "default--roles/logging.viewer--user:monaws.innovation@gmail.com",
          "schema_version": 0,
          "attributes": {
            "condition": [],
            "etag": "BwXxUyNwC1I=",
            "id": "secret-medium-373003/roles/logging.viewer/user:monaws.innovation@gmail.com",
            "member": "user:monaws.innovation@gmail.com",
            "project": "secret-medium-373003",
            "role": "roles/logging.viewer"
          },
          "sensitive_attributes": [],
          "private": "bnVsbA=="
        },
        {
          "index_key": "default--roles/logging.viewer--user:mozimos@gmail.com",
          "schema_version": 0,
          "attributes": {
            "condition": [],
            "etag": "BwXxUyNwC1I=",
            "id": "secret-medium-373003/roles/logging.viewer/user:mozimos@gmail.com",
            "member": "user:mozimos@gmail.com",
            "project": "secret-medium-373003",
            "role": "roles/logging.viewer"
          },
          "sensitive_attributes": [],
          "private": "bnVsbA=="
        }
      ]
    }
  ],
  "check_results": null
}
